
Microsoft Visual Studio Solution File, Format Version 12.00
# Visual Studio 2012
Project("{FAE04EC0-301F-11D3-BF4B-00C04F79EFBC}") = "JsonConsumer", "JsonConsumer\JsonConsumer.csproj", "{B972398F-E870-4A8F-825F-F1CE158106D0}"
EndProject
Project("{FAE04EC0-301F-11D3-BF4B-00C04F79EFBC}") = "JsonConsumerTests", "JsonConsumerTests\JsonConsumerTests.csproj", "{CF9D4A1B-73B5-4CD9-BE69-0DA09C529D8D}"
EndProject
Project("{2150E333-8FDC-42A3-9474-1A3956D46DE8}") = "Tests", "Tests", "{FFF5C31D-7AD8-4FE0-8197-6DFE14B1A730}"
EndProject
Global
	GlobalSection(SolutionConfigurationPlatforms) = preSolution
		Debug|Any CPU = Debug|Any CPU
		Release|Any CPU = Release|Any CPU
	EndGlobalSection
	GlobalSection(ProjectConfigurationPlatforms) = postSolution
		{B972398F-E870-4A8F-825F-F1CE158106D0}.Debug|Any CPU.ActiveCfg = Debug|Any CPU
		{B972398F-E870-4A8F-825F-F1CE158106D0}.Debug|Any CPU.Build.0 = Debug|Any CPU
		{B972398F-E870-4A8F-825F-F1CE158106D0}.Release|Any CPU.ActiveCfg = Release|Any CPU
		{B972398F-E870-4A8F-825F-F1CE158106D0}.Release|Any CPU.Build.0 = Release|Any CPU
		{CF9D4A1B-73B5-4CD9-BE69-0DA09C529D8D}.Debug|Any CPU.ActiveCfg = Debug|Any CPU
		{CF9D4A1B-73B5-4CD9-BE69-0DA09C529D8D}.Debug|Any CPU.Build.0 = Debug|Any CPU
		{CF9D4A1B-73B5-4CD9-BE69-0DA09C529D8D}.Release|Any CPU.ActiveCfg = Release|Any CPU
		{CF9D4A1B-73B5-4CD9-BE69-0DA09C529D8D}.Release|Any CPU.Build.0 = Release|Any CPU
	EndGlobalSection
	GlobalSection(SolutionProperties) = preSolution
		HideSolutionNode = FALSE
	EndGlobalSection
	GlobalSection(NestedProjects) = preSolution
		{CF9D4A1B-73B5-4CD9-BE69-0DA09C529D8D} = {FFF5C31D-7AD8-4FE0-8197-6DFE14B1A730}
	EndGlobalSection
EndGlobal
